// !$*UTF8*$!
{
	archiveVersion = 1;
	classes = {
	};
	objectVersion = 50;
	objects = {

/* Begin PBXBuildFile section */
		815A242A23675E8A00546D0C /* AppDelegate.swift in Sources */ = {isa = PBXBuildFile; fileRef = 815A242923675E8A00546D0C /* AppDelegate.swift */; };
		815A242C23675E8A00546D0C /* SceneDelegate.swift in Sources */ = {isa = PBXBuildFile; fileRef = 815A242B23675E8A00546D0C /* SceneDelegate.swift */; };
		815A242E23675E8A00546D0C /* ControllerOne.swift in Sources */ = {isa = PBXBuildFile; fileRef = 815A242D23675E8A00546D0C /* ControllerOne.swift */; };
		815A243323675E8C00546D0C /* Assets.xcassets in Resources */ = {isa = PBXBuildFile; fileRef = 815A243223675E8C00546D0C /* Assets.xcassets */; };
		815A243623675E8C00546D0C /* LaunchScreen.storyboard in Resources */ = {isa = PBXBuildFile; fileRef = 815A243423675E8C00546D0C /* LaunchScreen.storyboard */; };
		815A243E23675EE400546D0C /* NavigationControllerDelegateImplementor.swift in Sources */ = {isa = PBXBuildFile; fileRef = 815A243D23675EE400546D0C /* NavigationControllerDelegateImplementor.swift */; };
		815A24402367632600546D0C /* ControllerTwo.swift in Sources */ = {isa = PBXBuildFile; fileRef = 815A243F2367632600546D0C /* ControllerTwo.swift */; };
/* End PBXBuildFile section */

/* Begin PBXFileReference section */
		815A242623675E8A00546D0C /* HMWK5.app */ = {isa = PBXFileReference; explicitFileType = wrapper.application; includeInIndex = 0; path = HMWK5.app; sourceTree = BUILT_PRODUCTS_DIR; };
		815A242923675E8A00546D0C /* AppDelegate.swift */ = {isa = PBXFileReference; lastKnownFileType = sourcecode.swift; path = AppDelegate.swift; sourceTree = "<group>"; };
		815A242B23675E8A00546D0C /* SceneDelegate.swift */ = {isa = PBXFileReference; lastKnownFileType = sourcecode.swift; path = SceneDelegate.swift; sourceTree = "<group>"; };
		815A242D23675E8A00546D0C /* ControllerOne.swift */ = {isa = PBXFileReference; lastKnownFileType = sourcecode.swift; path = ControllerOne.swift; sourceTree = "<group>"; };
		815A243223675E8C00546D0C /* Assets.xcassets */ = {isa = PBXFileReference; lastKnownFileType = folder.assetcatalog; path = Assets.xcassets; sourceTree = "<group>"; };
		815A243523675E8C00546D0C /* Base */ = {isa = PBXFileReference; lastKnownFileType = file.storyboard; name = Base; path = Base.lproj/LaunchScreen.storyboard; sourceTree = "<group>"; };
		815A243723675E8C00546D0C /* Info.plist */ = {isa = PBXFileReference; lastKnownFileType = text.plist.xml; path = Info.plist; sourceTree = "<group>"; };
		815A243D23675EE400546D0C /* NavigationControllerDelegateImplementor.swift */ = {isa = PBXFileReference; lastKnownFileType = sourcecode.swift; path = NavigationControllerDelegateImplementor.swift; sourceTree = "<group>"; };
		815A243F2367632600546D0C /* ControllerTwo.swift */ = {isa = PBXFileReference; lastKnownFileType = sourcecode.swift; path = ControllerTwo.swift; sourceTree = "<group>"; };
/* End PBXFileReference section */

/* Begin PBXFrameworksBuildPhase section */
		815A242323675E8A00546D0C /* Frameworks */ = {
			isa = PBXFrameworksBuildPhase;
			buildActionMask = 2147483647;
			files = (
			);
			runOnlyForDeploymentPostprocessing = 0;
		};
/* End PBXFrameworksBuildPhase section */

/* Begin PBXGroup section */
		815A241D23675E8A00546D0C = {
			isa = PBXGroup;
			children = (
				815A242823675E8A00546D0C /* HMWK5 */,
				815A242723675E8A00546D0C /* Products */,
			);
			sourceTree = "<group>";
		};
		815A242723675E8A00546D0C /* Products */ = {
			isa = PBXGroup;
			children = (
				815A242623675E8A00546D0C /* HMWK5.app */,
			);
			name = Products;
			sourceTree = "<group>";
		};
		815A242823675E8A00546D0C /* HMWK5 */ = {
			isa = PBXGroup;
			children = (
				815A242923675E8A00546D0C /* AppDelegate.swift */,
				815A242B23675E8A00546D0C /* SceneDelegate.swift */,
				815A242D23675E8A00546D0C /* ControllerOne.swift */,
				815A243F2367632600546D0C /* ControllerTwo.swift */,
				815A243D23675EE400546D0C /* NavigationControllerDelegateImplementor.swift */,
				815A243223675E8C00546D0C /* Assets.xcassets */,
				815A243423675E8C00546D0C /* LaunchScreen.storyboard */,
				815A243723675E8C00546D0C /* Info.plist */,
			);
			path = HMWK5;
			sourceTree = "<group>";
		};
/* End PBXGroup section */

/* Begin PBXNativeTarget section */
		815A242523675E8A00546D0C /* HMWK5 */ = {
			isa = PBXNativeTarget;
			buildConfigurationList = 815A243A23675E8C00546D0C /* Build configuration list for PBXNativeTarget "HMWK5" */;
			buildPhases = (
				815A242223675E8A00546D0C /* Sources */,
				815A242323675E8A00546D0C /* Frameworks */,
				815A242423675E8A00546D0C /* Resources */,
			);
			buildRules = (
			);
			dependencies = (
			);
			name = HMWK5;
			productName = HMWK5;
			productReference = 815A242623675E8A00546D0C /* HMWK5.app */;
			productType = "com.apple.product-type.application";
		};
/* End PBXNativeTarget section */

/* Begin PBXProject section */
		815A241E23675E8A00546D0C /* Project object */ = {
			isa = PBXProject;
			attributes = {
				LastSwiftUpdateCheck = 1110;
				LastUpgradeCheck = 1110;
				ORGANIZATIONNAME = "Leon Vladimirov";
				TargetAttributes = {
					815A242523675E8A00546D0C = {
						CreatedOnToolsVersion = 11.1;
					};
				};
			};
			buildConfigurationList = 815A242123675E8A00546D0C /* Build configuration list for PBXProject "HMWK5" */;
			compatibilityVersion = "Xcode 9.3";
			developmentRegion = en;
			hasScannedForEncodings = 0;
			knownRegions = (
				en,
				Base,
			);
			mainGroup = 815A241D23675E8A00546D0C;
			productRefGroup = 815A242723675E8A00546D0C /* Products */;
			projectDirPath = "";
			projectRoot = "";
			targets = (
				815A242523675E8A00546D0C /* HMWK5 */,
			);
		};
/* End PBXProject section */

/* Begin PBXResourcesBuildPhase section */
		815A242423675E8A00546D0C /* Resources */ = {
			isa = PBXResourcesBuildPhase;
			buildActionMask = 2147483647;
			files = (
				815A243623675E8C00546D0C /* LaunchScreen.storyboard in Resources */,
				815A243323675E8C00546D0C /* Assets.xcassets in Resources */,
			);
			runOnlyForDeploymentPostprocessing = 0;
		};
/* End PBXResourcesBuildPhase section */

/* Begin PBXSourcesBuildPhase section */
		815A242223675E8A00546D0C /* Sources */ = {
			isa = PBXSourcesBuildPhase;
			buildActionMask = 2147483647;
			files = (
				815A24402367632600546D0C /* ControllerTwo.swift in Sources */,
				815A242E23675E8A00546D0C /* ControllerOne.swift in Sources */,
				815A242A23675E8A00546D0C /* AppDelegate.swift in Sources */,
				815A242C23675E8A00546D0C /* SceneDelegate.swift in Sources */,
				815A243E23675EE400546D0C /* NavigationControllerDelegateImplementor.swift in Sources */,
			);
			runOnlyForDeploymentPostprocessing = 0;
		};
/* End PBXSourcesBuildPhase section */

/* Begin PBXVariantGroup section */
		815A243423675E8C00546D0C /* LaunchScreen.storyboard */ = {
			isa = PBXVariantGroup;
			children = (
				815A243523675E8C00546D0C /* Base */,
			);
			name = LaunchScreen.storyboard;
			sourceTree = "<group>";
		};
/* End PBXVariantGroup section */

/* Begin XCBuildConfiguration section */
		815A243823675E8C00546D0C /* Debug */ = {
			isa = XCBuildConfiguration;
			buildSettings = {
				ALWAYS_SEARCH_USER_PATHS = NO;
				CLANG_ANALYZER_NONNULL = YES;
				CLANG_ANALYZER_NUMBER_OBJECT_CONVERSION = YES_AGGRESSIVE;
				CLANG_CXX_LANGUAGE_STANDARD = "gnu++14";
				CLANG_CXX_LIBRARY = "libc++";
				CLANG_ENABLE_MODULES = YES;
				CLANG_ENABLE_OBJC_ARC = YES;
				CLANG_ENABLE_OBJC_WEAK = YES;
				CLANG_WARN_BLOCK_CAPTURE_AUTORELEASING = YES;
				CLANG_WARN_BOOL_CONVERSION = YES;
				CLANG_WARN_COMMA = YES;
				CLANG_WARN_CONSTANT_CONVERSION = YES;
				CLANG_WARN_DEPRECATED_OBJC_IMPLEMENTATIONS = YES;
				CLANG_WARN_DIRECT_OBJC_ISA_USAGE = YES_ERROR;
				CLANG_WARN_DOCUMENTATION_COMMENTS = YES;
				CLANG_WARN_EMPTY_BODY = YES;
				CLANG_WARN_ENUM_CONVERSION = YES;
				CLANG_WARN_INFINITE_RECURSION = YES;
				CLANG_WARN_INT_CONVERSION = YES;
				CLANG_WARN_NON_LITERAL_NULL_CONVERSION = YES;
				CLANG_WARN_OBJC_IMPLICIT_RETAIN_SELF = YES;
				CLANG_WARN_OBJC_LITERAL_CONVERSION = YES;
				CLANG_WARN_OBJC_ROOT_CLASS = YES_ERROR;
				CLANG_WARN_RANGE_LOOP_ANALYSIS = YES;
				CLANG_WARN_STRICT_PROTOTYPES = YES;
				CLANG_WARN_SUSPICIOUS_MOVE = YES;
				CLANG_WARN_UNGUARDED_AVAILABILITY = YES_AGGRESSIVE;
				CLANG_WARN_UNREACHABLE_CODE = YES;
				CLANG_WARN__DUPLICATE_METHOD_MATCH = YES;
				COPY_PHASE_STRIP = NO;
				DEBUG_INFORMATION_FORMAT = dwarf;
				ENABLE_STRICT_OBJC_MSGSEND = YES;
				ENABLE_TESTABILITY = YES;
				GCC_C_LANGUAGE_STANDARD = gnu11;
				GCC_DYNAMIC_NO_PIC = NO;
				GCC_NO_COMMON_BLOCKS = YES;
				GCC_OPTIMIZATION_LEVEL = 0;
				GCC_PREPROCESSOR_DEFINITIONS = (
					"DEBUG=1",
					"$(inherited)",
				);
				GCC_WARN_64_TO_32_BIT_CONVERSION = YES;
				GCC_WARN_ABOUT_RETURN_TYPE = YES_ERROR;
				GCC_WARN_UNDECLARED_SELECTOR = YES;
				GCC_WARN_UNINITIALIZED_AUTOS = YES_AGGRESSIVE;
				GCC_WARN_UNUSED_FUNCTION = YES;
				GCC_WARN_UNUSED_VARIABLE = YES;
				IPHONEOS_DEPLOYMENT_TARGET = 13.1;
				MTL_ENABLE_DEBUG_INFO = INCLUDE_SOURCE;
				MTL_FAST_MATH = YES;
				ONLY_ACTIVE_ARCH = YES;
				SDKROOT = iphoneos;
				SWIFT_ACTIVE_COMPILATION_CONDITIONS = DEBUG;
				SWIFT_OPTIMIZATION_LEVEL = "-Onone";
			};
			name = Debug;
		};
		815A243923675E8C00546D0C /* Release */ = {
			isa = XCBuildConfiguration;
			buildSettings = {
				ALWAYS_SEARCH_USER_PATHS = NO;
				CLANG_ANALYZER_NONNULL = YES;
				CLANG_ANALYZER_NUMBER_OBJECT_CONVERSION = YES_AGGRESSIVE;
				CLANG_CXX_LANGUAGE_STANDARD = "gnu++14";
				CLANG_CXX_LIBRARY = "libc++";
				CLANG_ENABLE_MODULES = YES;
				CLANG_ENABLE_OBJC_ARC = YES;
				CLANG_ENABLE_OBJC_WEAK = YES;
				CLANG_WARN_BLOCK_CAPTURE_AUTORELEASING = YES;
				CLANG_WARN_BOOL_CONVERSION = YES;
				CLANG_WARN_COMMA = YES;
				CLANG_WARN_CONSTANT_CONVERSION = YES;
				CLANG_WARN_DEPRECATED_OBJC_IMPLEMENTATIONS = YES;
				CLANG_WARN_DIRECT_OBJC_ISA_USAGE = YES_ERROR;
				CLANG_WARN_DOCUMENTATION_COMMENTS = YES;
				CLANG_WARN_EMPTY_BODY = YES;
				CLANG_WARN_ENUM_CONVERSION = YES;
				CLANG_WARN_INFINITE_RECURSION = YES;
				CLANG_WARN_INT_CONVERSION = YES;
				CLANG_WARN_NON_LITERAL_NULL_CONVERSION = YES;
				CLANG_WARN_OBJC_IMPLICIT_RETAIN_SELF = YES;
				CLANG_WARN_OBJC_LITERAL_CONVERSION = YES;
				CLANG_WARN_OBJC_ROOT_CLASS = YES_ERROR;
				CLANG_WARN_RANGE_LOOP_ANALYSIS = YES;
				CLANG_WARN_STRICT_PROTOTYPES = YES;
				CLANG_WARN_SUSPICIOUS_MOVE = YES;
				CLANG_WARN_UNGUARDED_AVAILABILITY = YES_AGGRESSIVE;
				CLANG_WARN_UNREACHABLE_CODE = YES;
				CLANG_WARN__DUPLICATE_METHOD_MATCH = YES;
				COPY_PHASE_STRIP = NO;
				DEBUG_INFORMATION_FORMAT = "dwarf-with-dsym";
				ENABLE_NS_ASSERTIONS = NO;
				ENABLE_STRICT_OBJC_MSGSEND = YES;
				GCC_C_LANGUAGE_STANDARD = gnu11;
				GCC_NO_COMMON_BLOCKS = YES;
				GCC_WARN_64_TO_32_BIT_CONVERSION = YES;
				GCC_WARN_ABOUT_RETURN_TYPE = YES_ERROR;
				GCC_WARN_UNDECLARED_SELECTOR = YES;
				GCC_WARN_UNINITIALIZED_AUTOS = YES_AGGRESSIVE;
				GCC_WARN_UNUSED_FUNCTION = YES;
				GCC_WARN_UNUSED_VARIABLE = YES;
				IPHONEOS_DEPLOYMENT_TARGET = 13.1;
				MTL_ENABLE_DEBUG_INFO = NO;
				MTL_FAST_MATH = YES;
				SDKROOT = iphoneos;
				SWIFT_COMPILATION_MODE = wholemodule;
				SWIFT_OPTIMIZATION_LEVEL = "-O";
				VALIDATE_PRODUCT = YES;
			};
			name = Release;
		};
		815A243B23675E8C00546D0C /* Debug */ = {
			isa = XCBuildConfiguration;
			buildSettings = {
				ASSETCATALOG_COMPILER_APPICON_NAME = AppIcon;
				CODE_SIGN_STYLE = Automatic;
				DEVELOPMENT_TEAM = EXMYY8J9M4;
				INFOPLIST_FILE = HMWK5/Info.plist;
				LD_RUNPATH_SEARCH_PATHS = (
					"$(inherited)",
					"@executable_path/Frameworks",
				);
				PRODUCT_BUNDLE_IDENTIFIER = Hugaboom.HMWK5;
				PRODUCT_NAME = "$(TARGET_NAME)";
				SWIFT_VERSION = 5.0;
				TARGETED_DEVICE_FAMILY = "1,2";
			};
			name = Debug;
		};
		815A243C23675E8C00546D0C /* Release */ = {
			isa = XCBuildConfiguration;
			buildSettings = {
				ASSETCATALOG_COMPILER_APPICON_NAME = AppIcon;
				CODE_SIGN_STYLE = Automatic;
				DEVELOPMENT_TEAM = EXMYY8J9M4;
				INFOPLIST_FILE = HMWK5/Info.plist;
				LD_RUNPATH_SEARCH_PATHS = (
					"$(inherited)",
					"@executable_path/Frameworks",
				);
				PRODUCT_BUNDLE_IDENTIFIER = Hugaboom.HMWK5;
				PRODUCT_NAME = "$(TARGET_NAME)";
				SWIFT_VERSION = 5.0;
				TARGETED_DEVICE_FAMILY = "1,2";
			};
			name = Release;
		};
/* End XCBuildConfiguration section */

/* Begin XCConfigurationList section */
		815A242123675E8A00546D0C /* Build configuration list for PBXProject "HMWK5" */ = {
			isa = XCConfigurationList;
			buildConfigurations = (
				815A243823675E8C00546D0C /* Debug */,
				815A243923675E8C00546D0C /* Release */,
			);
			defaultConfigurationIsVisible = 0;
			defaultConfigurationName = Release;
		};
		815A243A23675E8C00546D0C /* Build configuration list for PBXNativeTarget "HMWK5" */ = {
			isa = XCConfigurationList;
			buildConfigurations = (
				815A243B23675E8C00546D0C /* Debug */,
				815A243C23675E8C00546D0C /* Release */,
			);
			defaultConfigurationIsVisible = 0;
			defaultConfigurationName = Release;
		};
/* End XCConfigurationList section */
	};
	rootObject = 815A241E23675E8A00546D0C /* Project object */;
}
